
Microsoft Visual Studio Solution File, Format Version 12.00
# Visual Studio 14
VisualStudioVersion = 14.0.25420.1
MinimumVisualStudioVersion = 10.0.40219.1
Project("{8BC9CEB8-8B4A-11D0-8D11-00A0C91BC942}") = "eigenStudy", "eigenStudy\eigenStudy.vcxproj", "{F7F3E1A4-DDB2-4346-9F16-64029F3BFD39}"
EndProject
Project("{8BC9CEB8-8B4A-11D0-8D11-00A0C91BC942}") = "lsalgtools", "lsalgtools\lsalgtools.vcxproj", "{779B9981-0AE0-4ACD-9053-7DB8A451667C}"
EndProject
Project("{8BC9CEB8-8B4A-11D0-8D11-00A0C91BC942}") = "vmath", "vmath\vmath.vcxproj", "{17AD59E5-1840-40B2-9BFA-BFDD43982ED6}"
EndProject
Project("{8BC9CEB8-8B4A-11D0-8D11-00A0C91BC942}") = "vstd", "vstd\vstd.vcxproj", "{A93DF910-5BD1-4105-8892-135B27643C19}"
EndProject
Project("{8BC9CEB8-8B4A-11D0-8D11-00A0C91BC942}") = "ldobjectcontainer", "ldobjectcontainer\ldobjectcontainer.vcxproj", "{9EB753C7-7EC5-4D9D-8C3D-60A177FEC672}"
EndProject
Project("{8BC9CEB8-8B4A-11D0-8D11-00A0C91BC942}") = "lsalgobjectcontainerproxy", "lsalgobjectcontainerproxy\lsalgobjectcontainerproxy.vcxproj", "{328EAC04-9998-41AE-9B39-72D0336E270F}"
EndProject
Project("{8BC9CEB8-8B4A-11D0-8D11-00A0C91BC942}") = "ldck4cce", "ldck4cce\ldck4cce.vcxproj", "{C55D2F73-B80D-43E5-ADE5-D04A46CA1620}"
EndProject
Project("{8BC9CEB8-8B4A-11D0-8D11-00A0C91BC942}") = "lsalgmeshrayintersection", "lsalgmeshrayintersection\lsalgmeshrayintersection.vcxproj", "{2C75C28D-EAB9-4799-900F-03201841BDFB}"
EndProject
Project("{8BC9CEB8-8B4A-11D0-8D11-00A0C91BC942}") = "ldteethprocess", "ldteethprocess\ldteethprocess.vcxproj", "{3BC9ED07-D51F-4E0B-9EA4-99AA10405EE7}"
EndProject
Project("{8BC9CEB8-8B4A-11D0-8D11-00A0C91BC942}") = "lsalgmeshsimplify2", "lsalgmeshsimplify2\lsalgmeshsimplify2.vcxproj", "{83BCC771-0CA3-4720-9448-E08CE99CBE5E}"
EndProject
Global
	GlobalSection(SolutionConfigurationPlatforms) = preSolution
		Debug|x64 = Debug|x64
		Debug|x86 = Debug|x86
		DebugStatic|x64 = DebugStatic|x64
		DebugStatic|x86 = DebugStatic|x86
		Release|x64 = Release|x64
		Release|x86 = Release|x86
		ReleaseStatic|x64 = ReleaseStatic|x64
		ReleaseStatic|x86 = ReleaseStatic|x86
	EndGlobalSection
	GlobalSection(ProjectConfigurationPlatforms) = postSolution
		{F7F3E1A4-DDB2-4346-9F16-64029F3BFD39}.Debug|x64.ActiveCfg = Debug|x64
		{F7F3E1A4-DDB2-4346-9F16-64029F3BFD39}.Debug|x64.Build.0 = Debug|x64
		{F7F3E1A4-DDB2-4346-9F16-64029F3BFD39}.Debug|x86.ActiveCfg = Debug|Win32
		{F7F3E1A4-DDB2-4346-9F16-64029F3BFD39}.Debug|x86.Build.0 = Debug|Win32
		{F7F3E1A4-DDB2-4346-9F16-64029F3BFD39}.DebugStatic|x64.ActiveCfg = Debug|x64
		{F7F3E1A4-DDB2-4346-9F16-64029F3BFD39}.DebugStatic|x64.Build.0 = Debug|x64
		{F7F3E1A4-DDB2-4346-9F16-64029F3BFD39}.DebugStatic|x86.ActiveCfg = Debug|Win32
		{F7F3E1A4-DDB2-4346-9F16-64029F3BFD39}.DebugStatic|x86.Build.0 = Debug|Win32
		{F7F3E1A4-DDB2-4346-9F16-64029F3BFD39}.Release|x64.ActiveCfg = Release|x64
		{F7F3E1A4-DDB2-4346-9F16-64029F3BFD39}.Release|x64.Build.0 = Release|x64
		{F7F3E1A4-DDB2-4346-9F16-64029F3BFD39}.Release|x86.ActiveCfg = Release|Win32
		{F7F3E1A4-DDB2-4346-9F16-64029F3BFD39}.Release|x86.Build.0 = Release|Win32
		{F7F3E1A4-DDB2-4346-9F16-64029F3BFD39}.ReleaseStatic|x64.ActiveCfg = Release|x64
		{F7F3E1A4-DDB2-4346-9F16-64029F3BFD39}.ReleaseStatic|x64.Build.0 = Release|x64
		{F7F3E1A4-DDB2-4346-9F16-64029F3BFD39}.ReleaseStatic|x86.ActiveCfg = Release|Win32
		{F7F3E1A4-DDB2-4346-9F16-64029F3BFD39}.ReleaseStatic|x86.Build.0 = Release|Win32
		{779B9981-0AE0-4ACD-9053-7DB8A451667C}.Debug|x64.ActiveCfg = Debug|x64
		{779B9981-0AE0-4ACD-9053-7DB8A451667C}.Debug|x64.Build.0 = Debug|x64
		{779B9981-0AE0-4ACD-9053-7DB8A451667C}.Debug|x86.ActiveCfg = Debug|Win32
		{779B9981-0AE0-4ACD-9053-7DB8A451667C}.Debug|x86.Build.0 = Debug|Win32
		{779B9981-0AE0-4ACD-9053-7DB8A451667C}.DebugStatic|x64.ActiveCfg = DebugStatic|x64
		{779B9981-0AE0-4ACD-9053-7DB8A451667C}.DebugStatic|x64.Build.0 = DebugStatic|x64
		{779B9981-0AE0-4ACD-9053-7DB8A451667C}.DebugStatic|x86.ActiveCfg = DebugStatic|Win32
		{779B9981-0AE0-4ACD-9053-7DB8A451667C}.DebugStatic|x86.Build.0 = DebugStatic|Win32
		{779B9981-0AE0-4ACD-9053-7DB8A451667C}.Release|x64.ActiveCfg = Release|x64
		{779B9981-0AE0-4ACD-9053-7DB8A451667C}.Release|x64.Build.0 = Release|x64
		{779B9981-0AE0-4ACD-9053-7DB8A451667C}.Release|x86.ActiveCfg = Release|Win32
		{779B9981-0AE0-4ACD-9053-7DB8A451667C}.Release|x86.Build.0 = Release|Win32
		{779B9981-0AE0-4ACD-9053-7DB8A451667C}.ReleaseStatic|x64.ActiveCfg = Release|x64
		{779B9981-0AE0-4ACD-9053-7DB8A451667C}.ReleaseStatic|x64.Build.0 = Release|x64
		{779B9981-0AE0-4ACD-9053-7DB8A451667C}.ReleaseStatic|x86.ActiveCfg = Release|Win32
		{779B9981-0AE0-4ACD-9053-7DB8A451667C}.ReleaseStatic|x86.Build.0 = Release|Win32
		{17AD59E5-1840-40B2-9BFA-BFDD43982ED6}.Debug|x64.ActiveCfg = Debug|x64
		{17AD59E5-1840-40B2-9BFA-BFDD43982ED6}.Debug|x64.Build.0 = Debug|x64
		{17AD59E5-1840-40B2-9BFA-BFDD43982ED6}.Debug|x86.ActiveCfg = Debug|Win32
		{17AD59E5-1840-40B2-9BFA-BFDD43982ED6}.Debug|x86.Build.0 = Debug|Win32
		{17AD59E5-1840-40B2-9BFA-BFDD43982ED6}.DebugStatic|x64.ActiveCfg = DebugStatic|x64
		{17AD59E5-1840-40B2-9BFA-BFDD43982ED6}.DebugStatic|x64.Build.0 = DebugStatic|x64
		{17AD59E5-1840-40B2-9BFA-BFDD43982ED6}.DebugStatic|x86.ActiveCfg = DebugStatic|Win32
		{17AD59E5-1840-40B2-9BFA-BFDD43982ED6}.DebugStatic|x86.Build.0 = DebugStatic|Win32
		{17AD59E5-1840-40B2-9BFA-BFDD43982ED6}.Release|x64.ActiveCfg = Release|x64
		{17AD59E5-1840-40B2-9BFA-BFDD43982ED6}.Release|x64.Build.0 = Release|x64
		{17AD59E5-1840-40B2-9BFA-BFDD43982ED6}.Release|x86.ActiveCfg = Release|Win32
		{17AD59E5-1840-40B2-9BFA-BFDD43982ED6}.Release|x86.Build.0 = Release|Win32
		{17AD59E5-1840-40B2-9BFA-BFDD43982ED6}.ReleaseStatic|x64.ActiveCfg = ReleaseStatic|x64
		{17AD59E5-1840-40B2-9BFA-BFDD43982ED6}.ReleaseStatic|x64.Build.0 = ReleaseStatic|x64
		{17AD59E5-1840-40B2-9BFA-BFDD43982ED6}.ReleaseStatic|x86.ActiveCfg = ReleaseStatic|Win32
		{17AD59E5-1840-40B2-9BFA-BFDD43982ED6}.ReleaseStatic|x86.Build.0 = ReleaseStatic|Win32
		{A93DF910-5BD1-4105-8892-135B27643C19}.Debug|x64.ActiveCfg = Debug|x64
		{A93DF910-5BD1-4105-8892-135B27643C19}.Debug|x64.Build.0 = Debug|x64
		{A93DF910-5BD1-4105-8892-135B27643C19}.Debug|x86.ActiveCfg = Debug|Win32
		{A93DF910-5BD1-4105-8892-135B27643C19}.Debug|x86.Build.0 = Debug|Win32
		{A93DF910-5BD1-4105-8892-135B27643C19}.DebugStatic|x64.ActiveCfg = DebugStatic|x64
		{A93DF910-5BD1-4105-8892-135B27643C19}.DebugStatic|x64.Build.0 = DebugStatic|x64
		{A93DF910-5BD1-4105-8892-135B27643C19}.DebugStatic|x86.ActiveCfg = DebugStatic|Win32
		{A93DF910-5BD1-4105-8892-135B27643C19}.DebugStatic|x86.Build.0 = DebugStatic|Win32
		{A93DF910-5BD1-4105-8892-135B27643C19}.Release|x64.ActiveCfg = Release|x64
		{A93DF910-5BD1-4105-8892-135B27643C19}.Release|x64.Build.0 = Release|x64
		{A93DF910-5BD1-4105-8892-135B27643C19}.Release|x86.ActiveCfg = Release|Win32
		{A93DF910-5BD1-4105-8892-135B27643C19}.Release|x86.Build.0 = Release|Win32
		{A93DF910-5BD1-4105-8892-135B27643C19}.ReleaseStatic|x64.ActiveCfg = ReleaseStatic|x64
		{A93DF910-5BD1-4105-8892-135B27643C19}.ReleaseStatic|x64.Build.0 = ReleaseStatic|x64
		{A93DF910-5BD1-4105-8892-135B27643C19}.ReleaseStatic|x86.ActiveCfg = ReleaseStatic|Win32
		{A93DF910-5BD1-4105-8892-135B27643C19}.ReleaseStatic|x86.Build.0 = ReleaseStatic|Win32
		{9EB753C7-7EC5-4D9D-8C3D-60A177FEC672}.Debug|x64.ActiveCfg = Debug|x64
		{9EB753C7-7EC5-4D9D-8C3D-60A177FEC672}.Debug|x64.Build.0 = Debug|x64
		{9EB753C7-7EC5-4D9D-8C3D-60A177FEC672}.Debug|x86.ActiveCfg = Debug|Win32
		{9EB753C7-7EC5-4D9D-8C3D-60A177FEC672}.Debug|x86.Build.0 = Debug|Win32
		{9EB753C7-7EC5-4D9D-8C3D-60A177FEC672}.DebugStatic|x64.ActiveCfg = Debug|x64
		{9EB753C7-7EC5-4D9D-8C3D-60A177FEC672}.DebugStatic|x64.Build.0 = Debug|x64
		{9EB753C7-7EC5-4D9D-8C3D-60A177FEC672}.DebugStatic|x86.ActiveCfg = Debug|Win32
		{9EB753C7-7EC5-4D9D-8C3D-60A177FEC672}.DebugStatic|x86.Build.0 = Debug|Win32
		{9EB753C7-7EC5-4D9D-8C3D-60A177FEC672}.Release|x64.ActiveCfg = Release|x64
		{9EB753C7-7EC5-4D9D-8C3D-60A177FEC672}.Release|x64.Build.0 = Release|x64
		{9EB753C7-7EC5-4D9D-8C3D-60A177FEC672}.Release|x86.ActiveCfg = Release|Win32
		{9EB753C7-7EC5-4D9D-8C3D-60A177FEC672}.Release|x86.Build.0 = Release|Win32
		{9EB753C7-7EC5-4D9D-8C3D-60A177FEC672}.ReleaseStatic|x64.ActiveCfg = Release|x64
		{9EB753C7-7EC5-4D9D-8C3D-60A177FEC672}.ReleaseStatic|x64.Build.0 = Release|x64
		{9EB753C7-7EC5-4D9D-8C3D-60A177FEC672}.ReleaseStatic|x86.ActiveCfg = Release|Win32
		{9EB753C7-7EC5-4D9D-8C3D-60A177FEC672}.ReleaseStatic|x86.Build.0 = Release|Win32
		{328EAC04-9998-41AE-9B39-72D0336E270F}.Debug|x64.ActiveCfg = Debug|x64
		{328EAC04-9998-41AE-9B39-72D0336E270F}.Debug|x64.Build.0 = Debug|x64
		{328EAC04-9998-41AE-9B39-72D0336E270F}.Debug|x86.ActiveCfg = Debug|Win32
		{328EAC04-9998-41AE-9B39-72D0336E270F}.Debug|x86.Build.0 = Debug|Win32
		{328EAC04-9998-41AE-9B39-72D0336E270F}.DebugStatic|x64.ActiveCfg = Debug|x64
		{328EAC04-9998-41AE-9B39-72D0336E270F}.DebugStatic|x64.Build.0 = Debug|x64
		{328EAC04-9998-41AE-9B39-72D0336E270F}.DebugStatic|x86.ActiveCfg = Debug|Win32
		{328EAC04-9998-41AE-9B39-72D0336E270F}.DebugStatic|x86.Build.0 = Debug|Win32
		{328EAC04-9998-41AE-9B39-72D0336E270F}.Release|x64.ActiveCfg = Release|x64
		{328EAC04-9998-41AE-9B39-72D0336E270F}.Release|x64.Build.0 = Release|x64
		{328EAC04-9998-41AE-9B39-72D0336E270F}.Release|x86.ActiveCfg = Release|Win32
		{328EAC04-9998-41AE-9B39-72D0336E270F}.Release|x86.Build.0 = Release|Win32
		{328EAC04-9998-41AE-9B39-72D0336E270F}.ReleaseStatic|x64.ActiveCfg = Release|x64
		{328EAC04-9998-41AE-9B39-72D0336E270F}.ReleaseStatic|x64.Build.0 = Release|x64
		{328EAC04-9998-41AE-9B39-72D0336E270F}.ReleaseStatic|x86.ActiveCfg = Release|Win32
		{328EAC04-9998-41AE-9B39-72D0336E270F}.ReleaseStatic|x86.Build.0 = Release|Win32
		{C55D2F73-B80D-43E5-ADE5-D04A46CA1620}.Debug|x64.ActiveCfg = Debug|x64
		{C55D2F73-B80D-43E5-ADE5-D04A46CA1620}.Debug|x64.Build.0 = Debug|x64
		{C55D2F73-B80D-43E5-ADE5-D04A46CA1620}.Debug|x86.ActiveCfg = Debug|Win32
		{C55D2F73-B80D-43E5-ADE5-D04A46CA1620}.Debug|x86.Build.0 = Debug|Win32
		{C55D2F73-B80D-43E5-ADE5-D04A46CA1620}.DebugStatic|x64.ActiveCfg = Debug|x64
		{C55D2F73-B80D-43E5-ADE5-D04A46CA1620}.DebugStatic|x64.Build.0 = Debug|x64
		{C55D2F73-B80D-43E5-ADE5-D04A46CA1620}.DebugStatic|x86.ActiveCfg = Debug|Win32
		{C55D2F73-B80D-43E5-ADE5-D04A46CA1620}.DebugStatic|x86.Build.0 = Debug|Win32
		{C55D2F73-B80D-43E5-ADE5-D04A46CA1620}.Release|x64.ActiveCfg = Release|x64
		{C55D2F73-B80D-43E5-ADE5-D04A46CA1620}.Release|x64.Build.0 = Release|x64
		{C55D2F73-B80D-43E5-ADE5-D04A46CA1620}.Release|x86.ActiveCfg = Release|Win32
		{C55D2F73-B80D-43E5-ADE5-D04A46CA1620}.Release|x86.Build.0 = Release|Win32
		{C55D2F73-B80D-43E5-ADE5-D04A46CA1620}.ReleaseStatic|x64.ActiveCfg = Release|x64
		{C55D2F73-B80D-43E5-ADE5-D04A46CA1620}.ReleaseStatic|x64.Build.0 = Release|x64
		{C55D2F73-B80D-43E5-ADE5-D04A46CA1620}.ReleaseStatic|x86.ActiveCfg = Release|Win32
		{C55D2F73-B80D-43E5-ADE5-D04A46CA1620}.ReleaseStatic|x86.Build.0 = Release|Win32
		{2C75C28D-EAB9-4799-900F-03201841BDFB}.Debug|x64.ActiveCfg = Debug|x64
		{2C75C28D-EAB9-4799-900F-03201841BDFB}.Debug|x64.Build.0 = Debug|x64
		{2C75C28D-EAB9-4799-900F-03201841BDFB}.Debug|x86.ActiveCfg = Debug|Win32
		{2C75C28D-EAB9-4799-900F-03201841BDFB}.Debug|x86.Build.0 = Debug|Win32
		{2C75C28D-EAB9-4799-900F-03201841BDFB}.DebugStatic|x64.ActiveCfg = Debug|x64
		{2C75C28D-EAB9-4799-900F-03201841BDFB}.DebugStatic|x64.Build.0 = Debug|x64
		{2C75C28D-EAB9-4799-900F-03201841BDFB}.DebugStatic|x86.ActiveCfg = Debug|Win32
		{2C75C28D-EAB9-4799-900F-03201841BDFB}.DebugStatic|x86.Build.0 = Debug|Win32
		{2C75C28D-EAB9-4799-900F-03201841BDFB}.Release|x64.ActiveCfg = Release|x64
		{2C75C28D-EAB9-4799-900F-03201841BDFB}.Release|x64.Build.0 = Release|x64
		{2C75C28D-EAB9-4799-900F-03201841BDFB}.Release|x86.ActiveCfg = Release|Win32
		{2C75C28D-EAB9-4799-900F-03201841BDFB}.Release|x86.Build.0 = Release|Win32
		{2C75C28D-EAB9-4799-900F-03201841BDFB}.ReleaseStatic|x64.ActiveCfg = Release|x64
		{2C75C28D-EAB9-4799-900F-03201841BDFB}.ReleaseStatic|x64.Build.0 = Release|x64
		{2C75C28D-EAB9-4799-900F-03201841BDFB}.ReleaseStatic|x86.ActiveCfg = Release|Win32
		{2C75C28D-EAB9-4799-900F-03201841BDFB}.ReleaseStatic|x86.Build.0 = Release|Win32
		{3BC9ED07-D51F-4E0B-9EA4-99AA10405EE7}.Debug|x64.ActiveCfg = Debug|x64
		{3BC9ED07-D51F-4E0B-9EA4-99AA10405EE7}.Debug|x64.Build.0 = Debug|x64
		{3BC9ED07-D51F-4E0B-9EA4-99AA10405EE7}.Debug|x86.ActiveCfg = Debug|Win32
		{3BC9ED07-D51F-4E0B-9EA4-99AA10405EE7}.Debug|x86.Build.0 = Debug|Win32
		{3BC9ED07-D51F-4E0B-9EA4-99AA10405EE7}.DebugStatic|x64.ActiveCfg = Debug|x64
		{3BC9ED07-D51F-4E0B-9EA4-99AA10405EE7}.DebugStatic|x64.Build.0 = Debug|x64
		{3BC9ED07-D51F-4E0B-9EA4-99AA10405EE7}.DebugStatic|x86.ActiveCfg = Debug|Win32
		{3BC9ED07-D51F-4E0B-9EA4-99AA10405EE7}.DebugStatic|x86.Build.0 = Debug|Win32
		{3BC9ED07-D51F-4E0B-9EA4-99AA10405EE7}.Release|x64.ActiveCfg = Release|x64
		{3BC9ED07-D51F-4E0B-9EA4-99AA10405EE7}.Release|x64.Build.0 = Release|x64
		{3BC9ED07-D51F-4E0B-9EA4-99AA10405EE7}.Release|x86.ActiveCfg = Release|Win32
		{3BC9ED07-D51F-4E0B-9EA4-99AA10405EE7}.Release|x86.Build.0 = Release|Win32
		{3BC9ED07-D51F-4E0B-9EA4-99AA10405EE7}.ReleaseStatic|x64.ActiveCfg = Release|x64
		{3BC9ED07-D51F-4E0B-9EA4-99AA10405EE7}.ReleaseStatic|x64.Build.0 = Release|x64
		{3BC9ED07-D51F-4E0B-9EA4-99AA10405EE7}.ReleaseStatic|x86.ActiveCfg = Release|Win32
		{3BC9ED07-D51F-4E0B-9EA4-99AA10405EE7}.ReleaseStatic|x86.Build.0 = Release|Win32
		{83BCC771-0CA3-4720-9448-E08CE99CBE5E}.Debug|x64.ActiveCfg = Debug|x64
		{83BCC771-0CA3-4720-9448-E08CE99CBE5E}.Debug|x64.Build.0 = Debug|x64
		{83BCC771-0CA3-4720-9448-E08CE99CBE5E}.Debug|x86.ActiveCfg = Debug|Win32
		{83BCC771-0CA3-4720-9448-E08CE99CBE5E}.Debug|x86.Build.0 = Debug|Win32
		{83BCC771-0CA3-4720-9448-E08CE99CBE5E}.DebugStatic|x64.ActiveCfg = Debug|x64
		{83BCC771-0CA3-4720-9448-E08CE99CBE5E}.DebugStatic|x64.Build.0 = Debug|x64
		{83BCC771-0CA3-4720-9448-E08CE99CBE5E}.DebugStatic|x86.ActiveCfg = Debug|Win32
		{83BCC771-0CA3-4720-9448-E08CE99CBE5E}.DebugStatic|x86.Build.0 = Debug|Win32
		{83BCC771-0CA3-4720-9448-E08CE99CBE5E}.Release|x64.ActiveCfg = Release|x64
		{83BCC771-0CA3-4720-9448-E08CE99CBE5E}.Release|x64.Build.0 = Release|x64
		{83BCC771-0CA3-4720-9448-E08CE99CBE5E}.Release|x86.ActiveCfg = Release|Win32
		{83BCC771-0CA3-4720-9448-E08CE99CBE5E}.Release|x86.Build.0 = Release|Win32
		{83BCC771-0CA3-4720-9448-E08CE99CBE5E}.ReleaseStatic|x64.ActiveCfg = Release|x64
		{83BCC771-0CA3-4720-9448-E08CE99CBE5E}.ReleaseStatic|x64.Build.0 = Release|x64
		{83BCC771-0CA3-4720-9448-E08CE99CBE5E}.ReleaseStatic|x86.ActiveCfg = Release|Win32
		{83BCC771-0CA3-4720-9448-E08CE99CBE5E}.ReleaseStatic|x86.Build.0 = Release|Win32
	EndGlobalSection
	GlobalSection(SolutionProperties) = preSolution
		HideSolutionNode = FALSE
	EndGlobalSection
EndGlobal
