<?xml version="1.0" encoding="utf-8"?>
<Project ToolsVersion="4.0" xmlns="http://schemas.microsoft.com/developer/msbuild/2003">
  <ItemGroup>
    <Text Include="ReadMe.txt" />
  </ItemGroup>
  <ItemGroup>
    <Filter Include="Source Files">
      <UniqueIdentifier>{6c48ffd1-513d-4d8f-9548-09dfb03ddfde}</UniqueIdentifier>
    </Filter>
    <Filter Include="Header Files">
      <UniqueIdentifier>{c8a8cf02-38a3-4c0f-b2de-2f372ae0f674}</UniqueIdentifier>
    </Filter>
  </ItemGroup>
  <ItemGroup>
    <ClInclude Include="..\..\..\projectStudy\Algorithm\LibStatic\lswzkalgmesh\Complex.h">
      <Filter>Header Files</Filter>
    </ClInclude>
    <ClInclude Include="..\..\..\projectStudy\Algorithm\LibStatic\lswzkalgmesh\FDIparams.h">
      <Filter>Header Files</Filter>
    </ClInclude>
    <ClInclude Include="..\..\..\projectStudy\Algorithm\LibStatic\lswzkalgmesh\HalfEdge.h">
      <Filter>Header Files</Filter>
    </ClInclude>
    <ClInclude Include="..\..\..\projectStudy\Algorithm\LibStatic\lswzkalgmesh\HEEdge.h">
      <Filter>Header Files</Filter>
    </ClInclude>
    <ClInclude Include="..\..\..\projectStudy\Algorithm\LibStatic\lswzkalgmesh\HEFace.h">
      <Filter>Header Files</Filter>
    </ClInclude>
    <ClInclude Include="..\..\..\projectStudy\Algorithm\LibStatic\lswzkalgmesh\HEMesh.h">
      <Filter>Header Files</Filter>
    </ClInclude>
    <ClInclude Include="..\..\..\projectStudy\Algorithm\LibStatic\lswzkalgmesh\HEMeshConstruct.h">
      <Filter>Header Files</Filter>
    </ClInclude>
    <ClInclude Include="..\..\..\projectStudy\Algorithm\LibStatic\lswzkalgmesh\HEVertex.h">
      <Filter>Header Files</Filter>
    </ClInclude>
    <ClInclude Include="..\..\..\projectStudy\Algorithm\LibStatic\lswzkalgmesh\innerinterf.h">
      <Filter>Header Files</Filter>
    </ClInclude>
    <ClInclude Include="..\..\..\projectStudy\Algorithm\LibStatic\lswzkalgmesh\Quaternion.h">
      <Filter>Header Files</Filter>
    </ClInclude>
    <ClInclude Include="..\..\..\projectStudy\Algorithm\LibStatic\lswzkalgmesh\stdafx.h">
      <Filter>Header Files</Filter>
    </ClInclude>
    <ClInclude Include="..\..\..\projectStudy\Algorithm\LibStatic\lswzkalgmesh\targetver.h">
      <Filter>Header Files</Filter>
    </ClInclude>
    <ClInclude Include="..\..\..\projectStudy\Algorithm\LibStatic\lswzkalgmesh\Type.h">
      <Filter>Header Files</Filter>
    </ClInclude>
    <ClInclude Include="..\..\..\projectStudy\Algorithm\LibStatic\lswzkalgmesh\VBBitTree.h">
      <Filter>Header Files</Filter>
    </ClInclude>
    <ClInclude Include="..\..\..\projectStudy\Algorithm\LibStatic\lswzkalgmesh\VBCheckedMeshCmp.h">
      <Filter>Header Files</Filter>
    </ClInclude>
    <ClInclude Include="..\..\..\projectStudy\Algorithm\LibStatic\lswzkalgmesh\VBCLERSDecode.h">
      <Filter>Header Files</Filter>
    </ClInclude>
    <ClInclude Include="..\..\..\projectStudy\Algorithm\LibStatic\lswzkalgmesh\VBCLERSEncode.h">
      <Filter>Header Files</Filter>
    </ClInclude>
    <ClInclude Include="..\..\..\projectStudy\Algorithm\LibStatic\lswzkalgmesh\VBConnectivityCheck.h">
      <Filter>Header Files</Filter>
    </ClInclude>
    <ClInclude Include="..\..\..\projectStudy\Algorithm\LibStatic\lswzkalgmesh\VBCurveToGraphMesh.h">
      <Filter>Header Files</Filter>
    </ClInclude>
    <ClInclude Include="..\..\..\projectStudy\Algorithm\LibStatic\lswzkalgmesh\VBCurveToMesh.h">
      <Filter>Header Files</Filter>
    </ClInclude>
    <ClInclude Include="..\..\..\projectStudy\Algorithm\LibStatic\lswzkalgmesh\VBDegenerateCheck.h">
      <Filter>Header Files</Filter>
    </ClInclude>
    <ClInclude Include="..\..\..\projectStudy\Algorithm\LibStatic\lswzkalgmesh\VBDeltaProcess.h">
      <Filter>Header Files</Filter>
    </ClInclude>
    <ClInclude Include="..\..\..\projectStudy\Algorithm\LibStatic\lswzkalgmesh\VBDeltaProcWithHandle.h">
      <Filter>Header Files</Filter>
    </ClInclude>
    <ClInclude Include="..\..\..\projectStudy\Algorithm\LibStatic\lswzkalgmesh\VBDijkstra.h">
      <Filter>Header Files</Filter>
    </ClInclude>
    <ClInclude Include="..\..\..\projectStudy\Algorithm\LibStatic\lswzkalgmesh\VBEDCmpCombHandle.h">
      <Filter>Header Files</Filter>
    </ClInclude>
    <ClInclude Include="..\..\..\projectStudy\Algorithm\LibStatic\lswzkalgmesh\VBEDCmpWithHandles.h">
      <Filter>Header Files</Filter>
    </ClInclude>
    <ClInclude Include="..\..\..\projectStudy\Algorithm\LibStatic\lswzkalgmesh\VBEDCompress.h">
      <Filter>Header Files</Filter>
    </ClInclude>
    <ClInclude Include="..\..\..\projectStudy\Algorithm\LibStatic\lswzkalgmesh\VBEDDecCombHandle.h">
      <Filter>Header Files</Filter>
    </ClInclude>
    <ClInclude Include="..\..\..\projectStudy\Algorithm\LibStatic\lswzkalgmesh\VBEDDecodeComb.h">
      <Filter>Header Files</Filter>
    </ClInclude>
    <ClInclude Include="..\..\..\projectStudy\Algorithm\LibStatic\lswzkalgmesh\VBEDDecompression.h">
      <Filter>Header Files</Filter>
    </ClInclude>
    <ClInclude Include="..\..\..\projectStudy\Algorithm\LibStatic\lswzkalgmesh\VBEDDecWithHandles.h">
      <Filter>Header Files</Filter>
    </ClInclude>
    <ClInclude Include="..\..\..\projectStudy\Algorithm\LibStatic\lswzkalgmesh\VBEDEncodeComb.h">
      <Filter>Header Files</Filter>
    </ClInclude>
    <ClInclude Include="..\..\..\projectStudy\Algorithm\LibStatic\lswzkalgmesh\VBEDLossnessEncComb.h">
      <Filter>Header Files</Filter>
    </ClInclude>
    <ClInclude Include="..\..\..\projectStudy\Algorithm\LibStatic\lswzkalgmesh\VBEDPCAEncodeComb.h">
      <Filter>Header Files</Filter>
    </ClInclude>
    <ClInclude Include="..\..\..\projectStudy\Algorithm\LibStatic\lswzkalgmesh\VBEllipsesFit.h">
      <Filter>Header Files</Filter>
    </ClInclude>
    <ClInclude Include="..\..\..\projectStudy\Algorithm\LibStatic\lswzkalgmesh\VBFDINameCal.h">
      <Filter>Header Files</Filter>
    </ClInclude>
    <ClInclude Include="..\..\..\projectStudy\Algorithm\LibStatic\lswzkalgmesh\VBFDIProbabilityMat.h">
      <Filter>Header Files</Filter>
    </ClInclude>
    <ClInclude Include="..\..\..\projectStudy\Algorithm\LibStatic\lswzkalgmesh\VBFindHole.h">
      <Filter>Header Files</Filter>
    </ClInclude>
    <ClInclude Include="..\..\..\projectStudy\Algorithm\LibStatic\lswzkalgmesh\VBFindHoleEdge.h">
      <Filter>Header Files</Filter>
    </ClInclude>
    <ClInclude Include="..\..\..\projectStudy\Algorithm\LibStatic\lswzkalgmesh\VBFloatLossMerge.h">
      <Filter>Header Files</Filter>
    </ClInclude>
    <ClInclude Include="..\..\..\projectStudy\Algorithm\LibStatic\lswzkalgmesh\VBFloatMerge.h">
      <Filter>Header Files</Filter>
    </ClInclude>
    <ClInclude Include="..\..\..\projectStudy\Algorithm\LibStatic\lswzkalgmesh\VBFloatQuantization.h">
      <Filter>Header Files</Filter>
    </ClInclude>
    <ClInclude Include="..\..\..\projectStudy\Algorithm\LibStatic\lswzkalgmesh\VBFloatSplit.h">
      <Filter>Header Files</Filter>
    </ClInclude>
    <ClInclude Include="..\..\..\projectStudy\Algorithm\LibStatic\lswzkalgmesh\VBGenCoord.h">
      <Filter>Header Files</Filter>
    </ClInclude>
    <ClInclude Include="..\..\..\projectStudy\Algorithm\LibStatic\lswzkalgmesh\VBGenusCheck.h">
      <Filter>Header Files</Filter>
    </ClInclude>
    <ClInclude Include="..\..\..\projectStudy\Algorithm\LibStatic\lswzkalgmesh\VBGeodicMesh.h">
      <Filter>Header Files</Filter>
    </ClInclude>
    <ClInclude Include="..\..\..\projectStudy\Algorithm\LibStatic\lswzkalgmesh\VBHoleFillComb.h">
      <Filter>Header Files</Filter>
    </ClInclude>
    <ClInclude Include="..\..\..\projectStudy\Algorithm\LibStatic\lswzkalgmesh\VBHyperbola.h">
      <Filter>Header Files</Filter>
    </ClInclude>
    <ClInclude Include="..\..\..\projectStudy\Algorithm\LibStatic\lswzkalgmesh\VBIntLossPorcess.h">
      <Filter>Header Files</Filter>
    </ClInclude>
    <ClInclude Include="..\..\..\projectStudy\Algorithm\LibStatic\lswzkalgmesh\VBIntSplit.h">
      <Filter>Header Files</Filter>
    </ClInclude>
    <ClInclude Include="..\..\..\projectStudy\Algorithm\LibStatic\lswzkalgmesh\VBIsolateVertCheck.h">
      <Filter>Header Files</Filter>
    </ClInclude>
    <ClInclude Include="..\..\..\projectStudy\Algorithm\LibStatic\lswzkalgmesh\VBKDTree.h">
      <Filter>Header Files</Filter>
    </ClInclude>
    <ClInclude Include="..\..\..\projectStudy\Algorithm\LibStatic\lswzkalgmesh\VBKNearestNeighbor.h">
      <Filter>Header Files</Filter>
    </ClInclude>
    <ClInclude Include="..\..\..\projectStudy\Algorithm\LibStatic\lswzkalgmesh\VBLapComb.h">
      <Filter>Header Files</Filter>
    </ClInclude>
    <ClInclude Include="..\..\..\projectStudy\Algorithm\LibStatic\lswzkalgmesh\VBLaplace2DeformMat.h">
      <Filter>Header Files</Filter>
    </ClInclude>
    <ClInclude Include="..\..\..\projectStudy\Algorithm\LibStatic\lswzkalgmesh\VBLaplace2DeformNewRight.h">
      <Filter>Header Files</Filter>
    </ClInclude>
    <ClInclude Include="..\..\..\projectStudy\Algorithm\LibStatic\lswzkalgmesh\VBLaplaceFirst.h">
      <Filter>Header Files</Filter>
    </ClInclude>
    <ClInclude Include="..\..\..\projectStudy\Algorithm\LibStatic\lswzkalgmesh\VBLaplaceMeshEdit.h">
      <Filter>Header Files</Filter>
    </ClInclude>
    <ClInclude Include="..\..\..\projectStudy\Algorithm\LibStatic\lswzkalgmesh\VBMeshBarycenter.h">
      <Filter>Header Files</Filter>
    </ClInclude>
    <ClInclude Include="..\..\..\projectStudy\Algorithm\LibStatic\lswzkalgmesh\VBMeshCurvature.h">
      <Filter>Header Files</Filter>
    </ClInclude>
    <ClInclude Include="..\..\..\projectStudy\Algorithm\LibStatic\lswzkalgmesh\VBMeshGap.h">
      <Filter>Header Files</Filter>
    </ClInclude>
    <ClInclude Include="..\..\..\projectStudy\Algorithm\LibStatic\lswzkalgmesh\VBMeshHogFeature.h">
      <Filter>Header Files</Filter>
    </ClInclude>
    <ClInclude Include="..\..\..\projectStudy\Algorithm\LibStatic\lswzkalgmesh\VBMeshSurfaceArea.h">
      <Filter>Header Files</Filter>
    </ClInclude>
    <ClInclude Include="..\..\..\projectStudy\Algorithm\LibStatic\lswzkalgmesh\VBMeshToOVTable.h">
      <Filter>Header Files</Filter>
    </ClInclude>
    <ClInclude Include="..\..\..\projectStudy\Algorithm\LibStatic\lswzkalgmesh\VBMeshWithHole2OV.h">
      <Filter>Header Files</Filter>
    </ClInclude>
    <ClInclude Include="..\..\..\projectStudy\Algorithm\LibStatic\lswzkalgmesh\VBMLSInterpCircle.h">
      <Filter>Header Files</Filter>
    </ClInclude>
    <ClInclude Include="..\..\..\projectStudy\Algorithm\LibStatic\lswzkalgmesh\VBNonManifoldCheck.h">
      <Filter>Header Files</Filter>
    </ClInclude>
    <ClInclude Include="..\..\..\projectStudy\Algorithm\LibStatic\lswzkalgmesh\VBNonmanifoldPointBreaker.h">
      <Filter>Header Files</Filter>
    </ClInclude>
    <ClInclude Include="..\..\..\projectStudy\Algorithm\LibStatic\lswzkalgmesh\VBPCACompress.h">
      <Filter>Header Files</Filter>
    </ClInclude>
    <ClInclude Include="..\..\..\projectStudy\Algorithm\LibStatic\lswzkalgmesh\VBPCACompressNED.h">
      <Filter>Header Files</Filter>
    </ClInclude>
    <ClInclude Include="..\..\..\projectStudy\Algorithm\LibStatic\lswzkalgmesh\VBPCAEncodeComb.h">
      <Filter>Header Files</Filter>
    </ClInclude>
    <ClInclude Include="..\..\..\projectStudy\Algorithm\LibStatic\lswzkalgmesh\VBPCARestore.h">
      <Filter>Header Files</Filter>
    </ClInclude>
    <ClInclude Include="..\..\..\projectStudy\Algorithm\LibStatic\lswzkalgmesh\VBPreProcCompress.h">
      <Filter>Header Files</Filter>
    </ClInclude>
    <ClInclude Include="..\..\..\projectStudy\Algorithm\LibStatic\lswzkalgmesh\VBPreProcDecompress.h">
      <Filter>Header Files</Filter>
    </ClInclude>
    <ClInclude Include="..\..\..\projectStudy\Algorithm\LibStatic\lswzkalgmesh\VBQuantizationToFloat.h">
      <Filter>Header Files</Filter>
    </ClInclude>
    <ClInclude Include="..\..\..\projectStudy\Algorithm\LibStatic\lswzkalgmesh\VBRangeDecode.h">
      <Filter>Header Files</Filter>
    </ClInclude>
    <ClInclude Include="..\..\..\projectStudy\Algorithm\LibStatic\lswzkalgmesh\VBRangeEncode.h">
      <Filter>Header Files</Filter>
    </ClInclude>
    <ClInclude Include="..\..\..\projectStudy\Algorithm\LibStatic\lswzkalgmesh\VBReversSurfCheck.h">
      <Filter>Header Files</Filter>
    </ClInclude>
    <ClInclude Include="..\..\..\projectStudy\Algorithm\LibStatic\lswzkalgmesh\VBSphereCoordMap2Vt.h">
      <Filter>Header Files</Filter>
    </ClInclude>
    <ClInclude Include="..\..\..\projectStudy\Algorithm\LibStatic\lswzkalgmesh\VBTriangleArea.h">
      <Filter>Header Files</Filter>
    </ClInclude>
    <ClInclude Include="..\..\..\projectStudy\Algorithm\LibStatic\lswzkalgmesh\VBVerticesPCA.h">
      <Filter>Header Files</Filter>
    </ClInclude>
    <ClInclude Include="..\..\..\projectStudy\Algorithm\LibStatic\lswzkalgmesh\VBVtMap2SphereCoord.h">
      <Filter>Header Files</Filter>
    </ClInclude>
    <ClInclude Include="..\..\..\projectStudy\Algorithm\LibStatic\lswzkalgmesh\VBWaxVerticesMap.h">
      <Filter>Header Files</Filter>
    </ClInclude>
    <ClInclude Include="..\..\..\projectStudy\Algorithm\LibStatic\lswzkalgmesh\VGraphAndHeap.h">
      <Filter>Header Files</Filter>
    </ClInclude>
    <ClInclude Include="..\..\..\projectStudy\Algorithm\LibStatic\lswzkalgmesh\VJEdgeToSimpleMesh.h">
      <Filter>Header Files</Filter>
    </ClInclude>
    <ClInclude Include="..\..\..\projectStudy\Algorithm\LibStatic\lswzkalgmesh\VJHoleFill.h">
      <Filter>Header Files</Filter>
    </ClInclude>
    <ClInclude Include="..\..\..\projectStudy\Algorithm\LibStatic\lswzkalgmesh\VJPathFinder.h">
      <Filter>Header Files</Filter>
    </ClInclude>
    <ClInclude Include="..\..\..\projectStudy\Algorithm\LibStatic\lswzkalgmesh\VMLSInterp.h">
      <Filter>Header Files</Filter>
    </ClInclude>
    <ClInclude Include="..\..\..\projectStudy\Algorithm\LibStatic\lswzkalgmesh\VTopoMesh.h">
      <Filter>Header Files</Filter>
    </ClInclude>
    <ClInclude Include="..\..\..\projectStudy\Algorithm\LibStatic\lswzkalgmesh\VVertScalar.h">
      <Filter>Header Files</Filter>
    </ClInclude>
  </ItemGroup>
  <ItemGroup>
    <ClCompile Include="..\..\..\projectStudy\Algorithm\LibStatic\lswzkalgmesh\Complex.cpp">
      <Filter>Source Files</Filter>
    </ClCompile>
    <ClCompile Include="..\..\..\projectStudy\Algorithm\LibStatic\lswzkalgmesh\FDIparams.cpp">
      <Filter>Source Files</Filter>
    </ClCompile>
    <ClCompile Include="..\..\..\projectStudy\Algorithm\LibStatic\lswzkalgmesh\HalfEdge.cpp">
      <Filter>Source Files</Filter>
    </ClCompile>
    <ClCompile Include="..\..\..\projectStudy\Algorithm\LibStatic\lswzkalgmesh\HEFace.cpp">
      <Filter>Source Files</Filter>
    </ClCompile>
    <ClCompile Include="..\..\..\projectStudy\Algorithm\LibStatic\lswzkalgmesh\HEMesh.cpp">
      <Filter>Source Files</Filter>
    </ClCompile>
    <ClCompile Include="..\..\..\projectStudy\Algorithm\LibStatic\lswzkalgmesh\HEMeshConstruct.cpp">
      <Filter>Source Files</Filter>
    </ClCompile>
    <ClCompile Include="..\..\..\projectStudy\Algorithm\LibStatic\lswzkalgmesh\HEVertex.cpp">
      <Filter>Source Files</Filter>
    </ClCompile>
    <ClCompile Include="..\..\..\projectStudy\Algorithm\LibStatic\lswzkalgmesh\Quaternion.cpp">
      <Filter>Source Files</Filter>
    </ClCompile>
    <ClCompile Include="..\..\..\projectStudy\Algorithm\LibStatic\lswzkalgmesh\stdafx.cpp">
      <Filter>Source Files</Filter>
    </ClCompile>
    <ClCompile Include="..\..\..\projectStudy\Algorithm\LibStatic\lswzkalgmesh\VBBitTree.cpp">
      <Filter>Source Files</Filter>
    </ClCompile>
    <ClCompile Include="..\..\..\projectStudy\Algorithm\LibStatic\lswzkalgmesh\VBCheckedMeshCmp.cpp">
      <Filter>Source Files</Filter>
    </ClCompile>
    <ClCompile Include="..\..\..\projectStudy\Algorithm\LibStatic\lswzkalgmesh\VBCLERSDecode.cpp">
      <Filter>Source Files</Filter>
    </ClCompile>
    <ClCompile Include="..\..\..\projectStudy\Algorithm\LibStatic\lswzkalgmesh\VBCLERSEncode.cpp">
      <Filter>Source Files</Filter>
    </ClCompile>
    <ClCompile Include="..\..\..\projectStudy\Algorithm\LibStatic\lswzkalgmesh\VBConnectivityCheck.cpp">
      <Filter>Source Files</Filter>
    </ClCompile>
    <ClCompile Include="..\..\..\projectStudy\Algorithm\LibStatic\lswzkalgmesh\VBCurveToMesh.cpp">
      <Filter>Source Files</Filter>
    </ClCompile>
    <ClCompile Include="..\..\..\projectStudy\Algorithm\LibStatic\lswzkalgmesh\VBDegenerateCheck.cpp">
      <Filter>Source Files</Filter>
    </ClCompile>
    <ClCompile Include="..\..\..\projectStudy\Algorithm\LibStatic\lswzkalgmesh\VBDeltaProcess.cpp">
      <Filter>Source Files</Filter>
    </ClCompile>
    <ClCompile Include="..\..\..\projectStudy\Algorithm\LibStatic\lswzkalgmesh\VBDeltaProcWithHandle.cpp">
      <Filter>Source Files</Filter>
    </ClCompile>
    <ClCompile Include="..\..\..\projectStudy\Algorithm\LibStatic\lswzkalgmesh\VBDijkstra.cpp">
      <Filter>Source Files</Filter>
    </ClCompile>
    <ClCompile Include="..\..\..\projectStudy\Algorithm\LibStatic\lswzkalgmesh\VBEDCmpCombHandle.cpp">
      <Filter>Source Files</Filter>
    </ClCompile>
    <ClCompile Include="..\..\..\projectStudy\Algorithm\LibStatic\lswzkalgmesh\VBEDCmpWithHandles.cpp">
      <Filter>Source Files</Filter>
    </ClCompile>
    <ClCompile Include="..\..\..\projectStudy\Algorithm\LibStatic\lswzkalgmesh\VBEDCompress.cpp">
      <Filter>Source Files</Filter>
    </ClCompile>
    <ClCompile Include="..\..\..\projectStudy\Algorithm\LibStatic\lswzkalgmesh\VBEDDecCombHandle.cpp">
      <Filter>Source Files</Filter>
    </ClCompile>
    <ClCompile Include="..\..\..\projectStudy\Algorithm\LibStatic\lswzkalgmesh\VBEDDecodeComb.cpp">
      <Filter>Source Files</Filter>
    </ClCompile>
    <ClCompile Include="..\..\..\projectStudy\Algorithm\LibStatic\lswzkalgmesh\VBEDDecompression.cpp">
      <Filter>Source Files</Filter>
    </ClCompile>
    <ClCompile Include="..\..\..\projectStudy\Algorithm\LibStatic\lswzkalgmesh\VBEDDecWithHandles.cpp">
      <Filter>Source Files</Filter>
    </ClCompile>
    <ClCompile Include="..\..\..\projectStudy\Algorithm\LibStatic\lswzkalgmesh\VBEDEncodeComb.cpp">
      <Filter>Source Files</Filter>
    </ClCompile>
    <ClCompile Include="..\..\..\projectStudy\Algorithm\LibStatic\lswzkalgmesh\VBEDLossnessEncComb.cpp">
      <Filter>Source Files</Filter>
    </ClCompile>
    <ClCompile Include="..\..\..\projectStudy\Algorithm\LibStatic\lswzkalgmesh\VBEDPCAEncodeComb.cpp">
      <Filter>Source Files</Filter>
    </ClCompile>
    <ClCompile Include="..\..\..\projectStudy\Algorithm\LibStatic\lswzkalgmesh\VBEllipsesFit.cpp">
      <Filter>Source Files</Filter>
    </ClCompile>
    <ClCompile Include="..\..\..\projectStudy\Algorithm\LibStatic\lswzkalgmesh\VBFDINameCal.cpp">
      <Filter>Source Files</Filter>
    </ClCompile>
    <ClCompile Include="..\..\..\projectStudy\Algorithm\LibStatic\lswzkalgmesh\VBFDIProbabilityMat.cpp">
      <Filter>Source Files</Filter>
    </ClCompile>
    <ClCompile Include="..\..\..\projectStudy\Algorithm\LibStatic\lswzkalgmesh\VBFindHole.cpp">
      <Filter>Source Files</Filter>
    </ClCompile>
    <ClCompile Include="..\..\..\projectStudy\Algorithm\LibStatic\lswzkalgmesh\VBFindHoleEdge.cpp">
      <Filter>Source Files</Filter>
    </ClCompile>
    <ClCompile Include="..\..\..\projectStudy\Algorithm\LibStatic\lswzkalgmesh\VBFloatLossMerge.cpp">
      <Filter>Source Files</Filter>
    </ClCompile>
    <ClCompile Include="..\..\..\projectStudy\Algorithm\LibStatic\lswzkalgmesh\VBFloatQuantization.cpp">
      <Filter>Source Files</Filter>
    </ClCompile>
    <ClCompile Include="..\..\..\projectStudy\Algorithm\LibStatic\lswzkalgmesh\VBFloatSplit.cpp">
      <Filter>Source Files</Filter>
    </ClCompile>
    <ClCompile Include="..\..\..\projectStudy\Algorithm\LibStatic\lswzkalgmesh\VBGenusCheck.cpp">
      <Filter>Source Files</Filter>
    </ClCompile>
    <ClCompile Include="..\..\..\projectStudy\Algorithm\LibStatic\lswzkalgmesh\VBGeodicMesh.cpp">
      <Filter>Source Files</Filter>
    </ClCompile>
    <ClCompile Include="..\..\..\projectStudy\Algorithm\LibStatic\lswzkalgmesh\VBHoleFillComb.cpp">
      <Filter>Source Files</Filter>
    </ClCompile>
    <ClCompile Include="..\..\..\projectStudy\Algorithm\LibStatic\lswzkalgmesh\VBHyperbola.cpp">
      <Filter>Source Files</Filter>
    </ClCompile>
    <ClCompile Include="..\..\..\projectStudy\Algorithm\LibStatic\lswzkalgmesh\VBIntLossPorcess.cpp">
      <Filter>Source Files</Filter>
    </ClCompile>
    <ClCompile Include="..\..\..\projectStudy\Algorithm\LibStatic\lswzkalgmesh\VBIntSplit.cpp">
      <Filter>Source Files</Filter>
    </ClCompile>
    <ClCompile Include="..\..\..\projectStudy\Algorithm\LibStatic\lswzkalgmesh\VBIsolateVertCheck.cpp">
      <Filter>Source Files</Filter>
    </ClCompile>
    <ClCompile Include="..\..\..\projectStudy\Algorithm\LibStatic\lswzkalgmesh\VBKDTree.cpp">
      <Filter>Source Files</Filter>
    </ClCompile>
    <ClCompile Include="..\..\..\projectStudy\Algorithm\LibStatic\lswzkalgmesh\VBKNearestNeighbor.cpp">
      <Filter>Source Files</Filter>
    </ClCompile>
    <ClCompile Include="..\..\..\projectStudy\Algorithm\LibStatic\lswzkalgmesh\VBLapComb.cpp">
      <Filter>Source Files</Filter>
    </ClCompile>
    <ClCompile Include="..\..\..\projectStudy\Algorithm\LibStatic\lswzkalgmesh\VBLaplace2DeformMat.cpp">
      <Filter>Source Files</Filter>
    </ClCompile>
    <ClCompile Include="..\..\..\projectStudy\Algorithm\LibStatic\lswzkalgmesh\VBLaplace2DeformNewRight.cpp">
      <Filter>Source Files</Filter>
    </ClCompile>
    <ClCompile Include="..\..\..\projectStudy\Algorithm\LibStatic\lswzkalgmesh\VBLaplaceFirst.cpp">
      <Filter>Source Files</Filter>
    </ClCompile>
    <ClCompile Include="..\..\..\projectStudy\Algorithm\LibStatic\lswzkalgmesh\VBLaplaceMeshEdit.cpp">
      <Filter>Source Files</Filter>
    </ClCompile>
    <ClCompile Include="..\..\..\projectStudy\Algorithm\LibStatic\lswzkalgmesh\VBMeshCurvature.cpp">
      <Filter>Source Files</Filter>
    </ClCompile>
    <ClCompile Include="..\..\..\projectStudy\Algorithm\LibStatic\lswzkalgmesh\VBMeshGap.cpp">
      <Filter>Source Files</Filter>
    </ClCompile>
    <ClCompile Include="..\..\..\projectStudy\Algorithm\LibStatic\lswzkalgmesh\VBMeshHogFeature.cpp">
      <Filter>Source Files</Filter>
    </ClCompile>
    <ClCompile Include="..\..\..\projectStudy\Algorithm\LibStatic\lswzkalgmesh\VBMeshToOVTable.cpp">
      <Filter>Source Files</Filter>
    </ClCompile>
    <ClCompile Include="..\..\..\projectStudy\Algorithm\LibStatic\lswzkalgmesh\VBMeshWithHole2OV.cpp">
      <Filter>Source Files</Filter>
    </ClCompile>
    <ClCompile Include="..\..\..\projectStudy\Algorithm\LibStatic\lswzkalgmesh\VBMLSInterpCircle.cpp">
      <Filter>Source Files</Filter>
    </ClCompile>
    <ClCompile Include="..\..\..\projectStudy\Algorithm\LibStatic\lswzkalgmesh\VBNonManifoldCheck.cpp">
      <Filter>Source Files</Filter>
    </ClCompile>
    <ClCompile Include="..\..\..\projectStudy\Algorithm\LibStatic\lswzkalgmesh\VBNonmanifoldPointBreaker.cpp">
      <Filter>Source Files</Filter>
    </ClCompile>
    <ClCompile Include="..\..\..\projectStudy\Algorithm\LibStatic\lswzkalgmesh\VBPCACompress.cpp">
      <Filter>Source Files</Filter>
    </ClCompile>
    <ClCompile Include="..\..\..\projectStudy\Algorithm\LibStatic\lswzkalgmesh\VBPCACompressNED.cpp">
      <Filter>Source Files</Filter>
    </ClCompile>
    <ClCompile Include="..\..\..\projectStudy\Algorithm\LibStatic\lswzkalgmesh\VBPCAEncodeComb.cpp">
      <Filter>Source Files</Filter>
    </ClCompile>
    <ClCompile Include="..\..\..\projectStudy\Algorithm\LibStatic\lswzkalgmesh\VBPCARestore.cpp">
      <Filter>Source Files</Filter>
    </ClCompile>
    <ClCompile Include="..\..\..\projectStudy\Algorithm\LibStatic\lswzkalgmesh\VBPreProcCompress.cpp">
      <Filter>Source Files</Filter>
    </ClCompile>
    <ClCompile Include="..\..\..\projectStudy\Algorithm\LibStatic\lswzkalgmesh\VBPreProcDecompress.cpp">
      <Filter>Source Files</Filter>
    </ClCompile>
    <ClCompile Include="..\..\..\projectStudy\Algorithm\LibStatic\lswzkalgmesh\VBQuantizationToFloat.cpp">
      <Filter>Source Files</Filter>
    </ClCompile>
    <ClCompile Include="..\..\..\projectStudy\Algorithm\LibStatic\lswzkalgmesh\VBRangeDecode.cpp">
      <Filter>Source Files</Filter>
    </ClCompile>
    <ClCompile Include="..\..\..\projectStudy\Algorithm\LibStatic\lswzkalgmesh\VBRangeEncode.cpp">
      <Filter>Source Files</Filter>
    </ClCompile>
    <ClCompile Include="..\..\..\projectStudy\Algorithm\LibStatic\lswzkalgmesh\VBReversSurfCheck.cpp">
      <Filter>Source Files</Filter>
    </ClCompile>
    <ClCompile Include="..\..\..\projectStudy\Algorithm\LibStatic\lswzkalgmesh\VBSphereCoordMap2Vt.cpp">
      <Filter>Source Files</Filter>
    </ClCompile>
    <ClCompile Include="..\..\..\projectStudy\Algorithm\LibStatic\lswzkalgmesh\VBVerticesPCA.cpp">
      <Filter>Source Files</Filter>
    </ClCompile>
    <ClCompile Include="..\..\..\projectStudy\Algorithm\LibStatic\lswzkalgmesh\VBVtMap2SphereCoord.cpp">
      <Filter>Source Files</Filter>
    </ClCompile>
    <ClCompile Include="..\..\..\projectStudy\Algorithm\LibStatic\lswzkalgmesh\VBWaxVerticesMap.cpp">
      <Filter>Source Files</Filter>
    </ClCompile>
    <ClCompile Include="..\..\..\projectStudy\Algorithm\LibStatic\lswzkalgmesh\VJCurveToGraphMesh.cpp">
      <Filter>Source Files</Filter>
    </ClCompile>
    <ClCompile Include="..\..\..\projectStudy\Algorithm\LibStatic\lswzkalgmesh\VJEdgeToSimpleMesh.cpp">
      <Filter>Source Files</Filter>
    </ClCompile>
    <ClCompile Include="..\..\..\projectStudy\Algorithm\LibStatic\lswzkalgmesh\VJHoleFill.cpp">
      <Filter>Source Files</Filter>
    </ClCompile>
    <ClCompile Include="..\..\..\projectStudy\Algorithm\LibStatic\lswzkalgmesh\VJPathFinder.cpp">
      <Filter>Source Files</Filter>
    </ClCompile>
    <ClCompile Include="..\..\..\projectStudy\Algorithm\LibStatic\lswzkalgmesh\VMLSInterp.cpp">
      <Filter>Source Files</Filter>
    </ClCompile>
    <ClCompile Include="..\..\..\projectStudy\Algorithm\LibStatic\lswzkalgmesh\VVertScalar.cpp">
      <Filter>Source Files</Filter>
    </ClCompile>
  </ItemGroup>
</Project>